
Microsoft Visual Studio Solution File, Format Version 12.00
# Visual Studio 14
VisualStudioVersion = 14.0.25420.1
MinimumVisualStudioVersion = 10.0.40219.1
Project("{FAE04EC0-301F-11D3-BF4B-00C04F79EFBC}") = "Fast.OA.Model", "Fast.OA.Model\Fast.OA.Model.csproj", "{49842452-BACB-4172-A677-1B0D3E6FA4EE}"
EndProject
Project("{FAE04EC0-301F-11D3-BF4B-00C04F79EFBC}") = "Fast.OA.EFDAL", "Fast.OA.EFDAL\Fast.OA.EFDAL.csproj", "{3858DF26-F079-4706-B6D0-D3AADB63102A}"
EndProject
Project("{FAE04EC0-301F-11D3-BF4B-00C04F79EFBC}") = "Fast.OA.BLL", "Fast.OA.BLL\Fast.OA.BLL.csproj", "{CBC3774E-5E17-4750-AA3A-816C363BA6E2}"
EndProject
Project("{FAE04EC0-301F-11D3-BF4B-00C04F79EFBC}") = "Fast.OA.Common", "Fast.OA.Common\Fast.OA.Common.csproj", "{36C533C1-82A7-406B-A500-1ED10FFABEF4}"
EndProject
Project("{FAE04EC0-301F-11D3-BF4B-00C04F79EFBC}") = "Fast.OA.UI.Portal", "Fast.OA.UI.Portal\Fast.OA.UI.Portal.csproj", "{219582D9-6A85-4AC9-B828-604F9787891D}"
EndProject
Project("{FAE04EC0-301F-11D3-BF4B-00C04F79EFBC}") = "Fast.OA.IDAL", "Fast.OA.IDAL\Fast.OA.IDAL.csproj", "{58443B12-2335-4A04-A4DA-3C9A3A031144}"
EndProject
Project("{FAE04EC0-301F-11D3-BF4B-00C04F79EFBC}") = "Fast.OA.DALFactory", "Fast.OA.DALFactory\Fast.OA.DALFactory.csproj", "{11CA1E50-994D-44B6-B3DA-271C5BBB89D4}"
EndProject
Project("{FAE04EC0-301F-11D3-BF4B-00C04F79EFBC}") = "Fast.OA.IBLL", "Fast.OA.IBLL\Fast.OA.IBLL.csproj", "{34E15C39-7E2C-400E-90AA-E0D4E5361520}"
EndProject
Project("{2150E333-8FDC-42A3-9474-1A3956D46DE8}") = "DAL", "DAL", "{D68268EC-920E-49C2-BFC5-95DA07A122BD}"
EndProject
Project("{2150E333-8FDC-42A3-9474-1A3956D46DE8}") = "BLL", "BLL", "{E284A8D2-99B8-4733-A4C4-7616B236C53B}"
EndProject
Project("{2150E333-8FDC-42A3-9474-1A3956D46DE8}") = "Model", "Model", "{FE2EB5AA-ABF0-46D7-9C34-8DD88F065DE0}"
EndProject
Project("{2150E333-8FDC-42A3-9474-1A3956D46DE8}") = "UI", "UI", "{A1490C97-F56C-4EDF-868E-014E345CCF19}"
EndProject
Project("{2150E333-8FDC-42A3-9474-1A3956D46DE8}") = "Common", "Common", "{9C86ADFF-853E-4839-BDD2-61B98090C615}"
EndProject
Project("{2150E333-8FDC-42A3-9474-1A3956D46DE8}") = "Demo", "Demo", "{B7E0D40D-271B-4247-BA51-5200FC601B6B}"
EndProject
Project("{FAE04EC0-301F-11D3-BF4B-00C04F79EFBC}") = "T4Demos", "T4Demos\T4Demos.csproj", "{4AAED529-84A1-45D5-AF27-5BDAEB6261A0}"
EndProject
Project("{FAE04EC0-301F-11D3-BF4B-00C04F79EFBC}") = "Log4NetDemo", "Log4NetDemo\Log4NetDemo.csproj", "{7BA29FFD-5287-4A47-BACC-1A89C5BD8624}"
EndProject
Project("{2150E333-8FDC-42A3-9474-1A3956D46DE8}") = "Service", "Service", "{42422D01-8948-4264-99AB-47BC21DD556A}"
EndProject
Project("{FAE04EC0-301F-11D3-BF4B-00C04F79EFBC}") = "Fast.OA.API", "Fast.OA.API\Fast.OA.API.csproj", "{E2DB7B13-9DD8-4352-930E-9070B93B4C49}"
EndProject
Project("{FAE04EC0-301F-11D3-BF4B-00C04F79EFBC}") = "MemCacheDemo", "MemCacheDemo\MemCacheDemo.csproj", "{8873E9E6-794E-4698-9313-2C20E2F236A8}"
EndProject
Project("{FAE04EC0-301F-11D3-BF4B-00C04F79EFBC}") = "RedisDemo", "RedisDemo\RedisDemo.csproj", "{947C7BDF-8AB0-4338-A0C7-FDFE27A929A6}"
EndProject
Project("{FAE04EC0-301F-11D3-BF4B-00C04F79EFBC}") = "实现网站图标批量下载", "实现网站图标批量下载\实现网站图标批量下载.csproj", "{2F1396E7-ABD4-4EFC-A824-3AB8E1DAEE26}"
EndProject
Project("{FAE04EC0-301F-11D3-BF4B-00C04F79EFBC}") = "修改App内容", "修改App内容\修改App内容.csproj", "{5FACAE94-2B60-4378-A96F-483125A132E9}"
EndProject
Project("{FAE04EC0-301F-11D3-BF4B-00C04F79EFBC}") = "测试专用", "测试专用\测试专用.csproj", "{712D4FF5-3B6E-41EB-9B6E-FB5E638AD6F0}"
EndProject
Global
	GlobalSection(SolutionConfigurationPlatforms) = preSolution
		Debug|Any CPU = Debug|Any CPU
		Release|Any CPU = Release|Any CPU
	EndGlobalSection
	GlobalSection(ProjectConfigurationPlatforms) = postSolution
		{49842452-BACB-4172-A677-1B0D3E6FA4EE}.Debug|Any CPU.ActiveCfg = Debug|Any CPU
		{49842452-BACB-4172-A677-1B0D3E6FA4EE}.Debug|Any CPU.Build.0 = Debug|Any CPU
		{49842452-BACB-4172-A677-1B0D3E6FA4EE}.Release|Any CPU.ActiveCfg = Release|Any CPU
		{49842452-BACB-4172-A677-1B0D3E6FA4EE}.Release|Any CPU.Build.0 = Release|Any CPU
		{3858DF26-F079-4706-B6D0-D3AADB63102A}.Debug|Any CPU.ActiveCfg = Debug|Any CPU
		{3858DF26-F079-4706-B6D0-D3AADB63102A}.Debug|Any CPU.Build.0 = Debug|Any CPU
		{3858DF26-F079-4706-B6D0-D3AADB63102A}.Release|Any CPU.ActiveCfg = Release|Any CPU
		{3858DF26-F079-4706-B6D0-D3AADB63102A}.Release|Any CPU.Build.0 = Release|Any CPU
		{CBC3774E-5E17-4750-AA3A-816C363BA6E2}.Debug|Any CPU.ActiveCfg = Debug|Any CPU
		{CBC3774E-5E17-4750-AA3A-816C363BA6E2}.Debug|Any CPU.Build.0 = Debug|Any CPU
		{CBC3774E-5E17-4750-AA3A-816C363BA6E2}.Release|Any CPU.ActiveCfg = Release|Any CPU
		{CBC3774E-5E17-4750-AA3A-816C363BA6E2}.Release|Any CPU.Build.0 = Release|Any CPU
		{36C533C1-82A7-406B-A500-1ED10FFABEF4}.Debug|Any CPU.ActiveCfg = Debug|Any CPU
		{36C533C1-82A7-406B-A500-1ED10FFABEF4}.Debug|Any CPU.Build.0 = Debug|Any CPU
		{36C533C1-82A7-406B-A500-1ED10FFABEF4}.Release|Any CPU.ActiveCfg = Release|Any CPU
		{36C533C1-82A7-406B-A500-1ED10FFABEF4}.Release|Any CPU.Build.0 = Release|Any CPU
		{219582D9-6A85-4AC9-B828-604F9787891D}.Debug|Any CPU.ActiveCfg = Debug|Any CPU
		{219582D9-6A85-4AC9-B828-604F9787891D}.Debug|Any CPU.Build.0 = Debug|Any CPU
		{219582D9-6A85-4AC9-B828-604F9787891D}.Release|Any CPU.ActiveCfg = Release|Any CPU
		{219582D9-6A85-4AC9-B828-604F9787891D}.Release|Any CPU.Build.0 = Release|Any CPU
		{58443B12-2335-4A04-A4DA-3C9A3A031144}.Debug|Any CPU.ActiveCfg = Debug|Any CPU
		{58443B12-2335-4A04-A4DA-3C9A3A031144}.Debug|Any CPU.Build.0 = Debug|Any CPU
		{58443B12-2335-4A04-A4DA-3C9A3A031144}.Release|Any CPU.ActiveCfg = Release|Any CPU
		{58443B12-2335-4A04-A4DA-3C9A3A031144}.Release|Any CPU.Build.0 = Release|Any CPU
		{11CA1E50-994D-44B6-B3DA-271C5BBB89D4}.Debug|Any CPU.ActiveCfg = Debug|Any CPU
		{11CA1E50-994D-44B6-B3DA-271C5BBB89D4}.Debug|Any CPU.Build.0 = Debug|Any CPU
		{11CA1E50-994D-44B6-B3DA-271C5BBB89D4}.Release|Any CPU.ActiveCfg = Release|Any CPU
		{11CA1E50-994D-44B6-B3DA-271C5BBB89D4}.Release|Any CPU.Build.0 = Release|Any CPU
		{34E15C39-7E2C-400E-90AA-E0D4E5361520}.Debug|Any CPU.ActiveCfg = Debug|Any CPU
		{34E15C39-7E2C-400E-90AA-E0D4E5361520}.Debug|Any CPU.Build.0 = Debug|Any CPU
		{34E15C39-7E2C-400E-90AA-E0D4E5361520}.Release|Any CPU.ActiveCfg = Release|Any CPU
		{34E15C39-7E2C-400E-90AA-E0D4E5361520}.Release|Any CPU.Build.0 = Release|Any CPU
		{4AAED529-84A1-45D5-AF27-5BDAEB6261A0}.Debug|Any CPU.ActiveCfg = Debug|Any CPU
		{4AAED529-84A1-45D5-AF27-5BDAEB6261A0}.Debug|Any CPU.Build.0 = Debug|Any CPU
		{4AAED529-84A1-45D5-AF27-5BDAEB6261A0}.Release|Any CPU.ActiveCfg = Release|Any CPU
		{4AAED529-84A1-45D5-AF27-5BDAEB6261A0}.Release|Any CPU.Build.0 = Release|Any CPU
		{7BA29FFD-5287-4A47-BACC-1A89C5BD8624}.Debug|Any CPU.ActiveCfg = Debug|Any CPU
		{7BA29FFD-5287-4A47-BACC-1A89C5BD8624}.Debug|Any CPU.Build.0 = Debug|Any CPU
		{7BA29FFD-5287-4A47-BACC-1A89C5BD8624}.Release|Any CPU.ActiveCfg = Release|Any CPU
		{7BA29FFD-5287-4A47-BACC-1A89C5BD8624}.Release|Any CPU.Build.0 = Release|Any CPU
		{E2DB7B13-9DD8-4352-930E-9070B93B4C49}.Debug|Any CPU.ActiveCfg = Debug|Any CPU
		{E2DB7B13-9DD8-4352-930E-9070B93B4C49}.Debug|Any CPU.Build.0 = Debug|Any CPU
		{E2DB7B13-9DD8-4352-930E-9070B93B4C49}.Release|Any CPU.ActiveCfg = Release|Any CPU
		{E2DB7B13-9DD8-4352-930E-9070B93B4C49}.Release|Any CPU.Build.0 = Release|Any CPU
		{8873E9E6-794E-4698-9313-2C20E2F236A8}.Debug|Any CPU.ActiveCfg = Debug|Any CPU
		{8873E9E6-794E-4698-9313-2C20E2F236A8}.Debug|Any CPU.Build.0 = Debug|Any CPU
		{8873E9E6-794E-4698-9313-2C20E2F236A8}.Release|Any CPU.ActiveCfg = Release|Any CPU
		{8873E9E6-794E-4698-9313-2C20E2F236A8}.Release|Any CPU.Build.0 = Release|Any CPU
		{947C7BDF-8AB0-4338-A0C7-FDFE27A929A6}.Debug|Any CPU.ActiveCfg = Debug|Any CPU
		{947C7BDF-8AB0-4338-A0C7-FDFE27A929A6}.Debug|Any CPU.Build.0 = Debug|Any CPU
		{947C7BDF-8AB0-4338-A0C7-FDFE27A929A6}.Release|Any CPU.ActiveCfg = Release|Any CPU
		{947C7BDF-8AB0-4338-A0C7-FDFE27A929A6}.Release|Any CPU.Build.0 = Release|Any CPU
		{2F1396E7-ABD4-4EFC-A824-3AB8E1DAEE26}.Debug|Any CPU.ActiveCfg = Debug|Any CPU
		{2F1396E7-ABD4-4EFC-A824-3AB8E1DAEE26}.Debug|Any CPU.Build.0 = Debug|Any CPU
		{2F1396E7-ABD4-4EFC-A824-3AB8E1DAEE26}.Release|Any CPU.ActiveCfg = Release|Any CPU
		{2F1396E7-ABD4-4EFC-A824-3AB8E1DAEE26}.Release|Any CPU.Build.0 = Release|Any CPU
		{5FACAE94-2B60-4378-A96F-483125A132E9}.Debug|Any CPU.ActiveCfg = Debug|Any CPU
		{5FACAE94-2B60-4378-A96F-483125A132E9}.Debug|Any CPU.Build.0 = Debug|Any CPU
		{5FACAE94-2B60-4378-A96F-483125A132E9}.Release|Any CPU.ActiveCfg = Release|Any CPU
		{5FACAE94-2B60-4378-A96F-483125A132E9}.Release|Any CPU.Build.0 = Release|Any CPU
		{712D4FF5-3B6E-41EB-9B6E-FB5E638AD6F0}.Debug|Any CPU.ActiveCfg = Debug|Any CPU
		{712D4FF5-3B6E-41EB-9B6E-FB5E638AD6F0}.Debug|Any CPU.Build.0 = Debug|Any CPU
		{712D4FF5-3B6E-41EB-9B6E-FB5E638AD6F0}.Release|Any CPU.ActiveCfg = Release|Any CPU
		{712D4FF5-3B6E-41EB-9B6E-FB5E638AD6F0}.Release|Any CPU.Build.0 = Release|Any CPU
	EndGlobalSection
	GlobalSection(SolutionProperties) = preSolution
		HideSolutionNode = FALSE
	EndGlobalSection
	GlobalSection(NestedProjects) = preSolution
		{49842452-BACB-4172-A677-1B0D3E6FA4EE} = {FE2EB5AA-ABF0-46D7-9C34-8DD88F065DE0}
		{3858DF26-F079-4706-B6D0-D3AADB63102A} = {D68268EC-920E-49C2-BFC5-95DA07A122BD}
		{CBC3774E-5E17-4750-AA3A-816C363BA6E2} = {E284A8D2-99B8-4733-A4C4-7616B236C53B}
		{36C533C1-82A7-406B-A500-1ED10FFABEF4} = {9C86ADFF-853E-4839-BDD2-61B98090C615}
		{219582D9-6A85-4AC9-B828-604F9787891D} = {A1490C97-F56C-4EDF-868E-014E345CCF19}
		{58443B12-2335-4A04-A4DA-3C9A3A031144} = {D68268EC-920E-49C2-BFC5-95DA07A122BD}
		{11CA1E50-994D-44B6-B3DA-271C5BBB89D4} = {D68268EC-920E-49C2-BFC5-95DA07A122BD}
		{34E15C39-7E2C-400E-90AA-E0D4E5361520} = {E284A8D2-99B8-4733-A4C4-7616B236C53B}
		{4AAED529-84A1-45D5-AF27-5BDAEB6261A0} = {B7E0D40D-271B-4247-BA51-5200FC601B6B}
		{7BA29FFD-5287-4A47-BACC-1A89C5BD8624} = {B7E0D40D-271B-4247-BA51-5200FC601B6B}
		{E2DB7B13-9DD8-4352-930E-9070B93B4C49} = {42422D01-8948-4264-99AB-47BC21DD556A}
		{8873E9E6-794E-4698-9313-2C20E2F236A8} = {B7E0D40D-271B-4247-BA51-5200FC601B6B}
		{947C7BDF-8AB0-4338-A0C7-FDFE27A929A6} = {B7E0D40D-271B-4247-BA51-5200FC601B6B}
		{2F1396E7-ABD4-4EFC-A824-3AB8E1DAEE26} = {B7E0D40D-271B-4247-BA51-5200FC601B6B}
		{5FACAE94-2B60-4378-A96F-483125A132E9} = {B7E0D40D-271B-4247-BA51-5200FC601B6B}
		{712D4FF5-3B6E-41EB-9B6E-FB5E638AD6F0} = {B7E0D40D-271B-4247-BA51-5200FC601B6B}
	EndGlobalSection
EndGlobal
